
Microsoft Visual Studio Solution File, Format Version 12.00
# Visual Studio Version 16
VisualStudioVersion = 16.0.30717.126
MinimumVisualStudioVersion = 10.0.40219.1
Project("{8BC9CEB8-8B4A-11D0-8D11-00A0C91BC942}") = "8085_emu", "8085_emu\8085_emu.vcxproj", "{B247A2D2-1BFB-46AA-9BDF-1A24B715D9F1}"
EndProject
Project("{8BC9CEB8-8B4A-11D0-8D11-00A0C91BC942}") = "8085_assembler", "8085_assembler\8085_assembler.vcxproj", "{508152C5-C832-49B2-A7CE-4B9721DB369F}"
EndProject
Global
	GlobalSection(SolutionConfigurationPlatforms) = preSolution
		Debug|x64 = Debug|x64
		Debug|x86 = Debug|x86
		Release|x64 = Release|x64
		Release|x86 = Release|x86
	EndGlobalSection
	GlobalSection(ProjectConfigurationPlatforms) = postSolution
		{B247A2D2-1BFB-46AA-9BDF-1A24B715D9F1}.Debug|x64.ActiveCfg = Debug|x64
		{B247A2D2-1BFB-46AA-9BDF-1A24B715D9F1}.Debug|x64.Build.0 = Debug|x64
		{B247A2D2-1BFB-46AA-9BDF-1A24B715D9F1}.Debug|x86.ActiveCfg = Debug|Win32
		{B247A2D2-1BFB-46AA-9BDF-1A24B715D9F1}.Debug|x86.Build.0 = Debug|Win32
		{B247A2D2-1BFB-46AA-9BDF-1A24B715D9F1}.Release|x64.ActiveCfg = Release|x64
		{B247A2D2-1BFB-46AA-9BDF-1A24B715D9F1}.Release|x64.Build.0 = Release|x64
		{B247A2D2-1BFB-46AA-9BDF-1A24B715D9F1}.Release|x86.ActiveCfg = Release|Win32
		{B247A2D2-1BFB-46AA-9BDF-1A24B715D9F1}.Release|x86.Build.0 = Release|Win32
		{508152C5-C832-49B2-A7CE-4B9721DB369F}.Debug|x64.ActiveCfg = Debug|x64
		{508152C5-C832-49B2-A7CE-4B9721DB369F}.Debug|x64.Build.0 = Debug|x64
		{508152C5-C832-49B2-A7CE-4B9721DB369F}.Debug|x86.ActiveCfg = Debug|Win32
		{508152C5-C832-49B2-A7CE-4B9721DB369F}.Debug|x86.Build.0 = Debug|Win32
		{508152C5-C832-49B2-A7CE-4B9721DB369F}.Release|x64.ActiveCfg = Release|x64
		{508152C5-C832-49B2-A7CE-4B9721DB369F}.Release|x64.Build.0 = Release|x64
		{508152C5-C832-49B2-A7CE-4B9721DB369F}.Release|x86.ActiveCfg = Release|Win32
		{508152C5-C832-49B2-A7CE-4B9721DB369F}.Release|x86.Build.0 = Release|Win32
	EndGlobalSection
	GlobalSection(SolutionProperties) = preSolution
		HideSolutionNode = FALSE
	EndGlobalSection
	GlobalSection(ExtensibilityGlobals) = postSolution
		SolutionGuid = {F06F28DD-E1C4-4EA3-AB22-D63234B9C10C}
	EndGlobalSection
EndGlobal
